# THIS IS AN AUTOGENERATED FILE. DO NOT EDIT THIS FILE DIRECTLY.
# yarn lockfile v1


frappe-datatable@^1.17.16:
  version "1.17.16"
  resolved "https://registry.yarnpkg.com/frappe-datatable/-/frappe-datatable-1.17.16.tgz#4e7bf3b50dad5bc048f95ccd7ca7da91e04844ab"
  integrity sha512-BJgWFX8msHZcS1mw2xbuaY1YdH1dBXUIuREVmqH5z1p78GusPaDV8sbWskTS5yVBUklMrMq2VfBTUsJXjvl+wg==
  dependencies:
    hyperlist "^1.0.0-beta"
    lodash "^4.17.5"
    sortablejs "^1.7.0"

hyperlist@^1.0.0-beta:
  version "1.0.0"
  resolved "https://registry.yarnpkg.com/hyperlist/-/hyperlist-1.0.0.tgz#b211d41832643ca969e3087a86c912f93f82e5bb"
  integrity sha512-1qAjO29EJW/mPyqY+9wFjruD2YWur1dPsPYmt9RvMX6P+8Cr2UmT75MCWjjK+1/4Jxc3sm/G3Kr8DzGgEDRG+Q==

lodash@^4.17.5:
  version "4.17.21"
  resolved "https://registry.yarnpkg.com/lodash/-/lodash-4.17.21.tgz#679591c564c3bffaae8454cf0b3df370c3d6911c"
  integrity sha512-v2kDEe57lecTulaDIuNTPy3Ry4gLGJ6Z1O3vE1krgXZNrsQ+LFTGHVxVjcXPs17LhbZVGedAJv8XZ1tvj5FvSg==

sortablejs@^1.7.0:
  version "1.15.4"
  resolved "https://registry.yarnpkg.com/sortablejs/-/sortablejs-1.15.4.tgz#f5601f6aa725df1601c09a4a50a8f4ea5d95d96b"
  integrity sha512-wr7G5Id/WNllca5yF9I2vsz/2wDKJebX5FJBtfUFBGGpaaIVjW4kziAnNMEcigaTZAaPLB92NYBGqWenGDH++g==
